<?xml version="1.0" encoding="utf-8"?>
<Project ToolsVersion="4.0" xmlns="http://schemas.microsoft.com/developer/msbuild/2003">
  <ItemGroup>
    <Filter Include="Source Files">
      <UniqueIdentifier>{4FC737F1-C7A5-4376-A066-2A32D752A2FF}</UniqueIdentifier>
      <Extensions>qml;cpp;c;cc;cxx;def;odl;idl;hpj;bat;asm;asmx</Extensions>
    </Filter>
    <Filter Include="Header Files">
      <UniqueIdentifier>{93995380-89BD-4b04-88EB-625FBE52EBFB}</UniqueIdentifier>
      <Extensions>h;hh;hpp;hxx;hm;inl;inc;xsd</Extensions>
    </Filter>
    <Filter Include="Resource Files">
      <UniqueIdentifier>{67DA6AB6-F800-4c08-8B7A-83BB121AAD01}</UniqueIdentifier>
      <Extensions>qrc;rc;ico;cur;bmp;dlg;rc2;rct;bin;rgs;gif;jpg;jpeg;jpe;resx;tiff;tif;png;wav;mfcribbon-ms</Extensions>
    </Filter>
    <Filter Include="Form Files">
      <UniqueIdentifier>{99349809-55BA-4b9d-BF79-8FDBB0286EB3}</UniqueIdentifier>
      <Extensions>ui</Extensions>
    </Filter>
    <Filter Include="Translation Files">
      <UniqueIdentifier>{639EADAA-A684-42e4-A9AD-28FC9BCB8F7C}</UniqueIdentifier>
      <Extensions>ts</Extensions>
    </Filter>
  </ItemGroup>
  <ItemGroup>
    <QtUic Include="Tools\Vectify.ui">
      <Filter>Form Files</Filter>
    </QtUic>
  </ItemGroup>
  <ItemGroup>
    <QtRcc Include="Tools\Vectify.qrc">
      <Filter>Resource Files</Filter>
    </QtRcc>
  </ItemGroup>
  <ItemGroup>
    <ClInclude Include="Controller\AddObjectCommand.h">
      <Filter>Header Files</Filter>
    </ClInclude>
    <ClInclude Include="Controller\BrokenLineDrawingProcess.h">
      <Filter>Header Files</Filter>
    </ClInclude>
    <ClInclude Include="Controller\Command.h">
      <Filter>Header Files</Filter>
    </ClInclude>
    <ClInclude Include="Controller\CommandsList.h">
      <Filter>Header Files</Filter>
    </ClInclude>
    <ClInclude Include="Controller\Controller.h">
      <Filter>Header Files</Filter>
    </ClInclude>
    <ClInclude Include="Controller\DefaultProcess.h">
      <Filter>Header Files</Filter>
    </ClInclude>
    <ClInclude Include="Controller\LineSegmentDrawingProcess.h">
      <Filter>Header Files</Filter>
    </ClInclude>
    <ClInclude Include="Controller\MoveControlPointCommand.h">
      <Filter>Header Files</Filter>
    </ClInclude>
    <ClInclude Include="Controller\Process.h">
      <Filter>Header Files</Filter>
    </ClInclude>
    <ClInclude Include="Controller\RemoveObjectCommand.h">
      <Filter>Header Files</Filter>
    </ClInclude>
    <ClInclude Include="Controller\UndoRedo.h">
      <Filter>Header Files</Filter>
    </ClInclude>
    <ClInclude Include="Model\BrokenLine.h">
      <Filter>Header Files</Filter>
    </ClInclude>
    <ClInclude Include="Model\BrokenLineBuilder.h">
      <Filter>Header Files</Filter>
    </ClInclude>
    <ClInclude Include="Model\BrokenLineControlPoint.h">
      <Filter>Header Files</Filter>
    </ClInclude>
    <ClInclude Include="Model\ButtonsList.h">
      <Filter>Header Files</Filter>
    </ClInclude>
    <ClInclude Include="Model\ControlPoint.h">
      <Filter>Header Files</Filter>
    </ClInclude>
    <ClInclude Include="Model\Document.h">
      <Filter>Header Files</Filter>
    </ClInclude>
    <ClInclude Include="Model\DocumentModelObserver.h">
      <Filter>Header Files</Filter>
    </ClInclude>
    <ClInclude Include="Model\DrawingConstants.h">
      <Filter>Header Files</Filter>
    </ClInclude>
    <ClInclude Include="Model\GeometryObject.h">
      <Filter>Header Files</Filter>
    </ClInclude>
    <ClInclude Include="Model\LineSegment.h">
      <Filter>Header Files</Filter>
    </ClInclude>
    <ClInclude Include="Model\LineSegmentControlPoint.h">
      <Filter>Header Files</Filter>
    </ClInclude>
    <ClInclude Include="Model\ModelOfDocument.h">
      <Filter>Header Files</Filter>
    </ClInclude>
    <ClInclude Include="Model\Regexpr.h">
      <Filter>Header Files</Filter>
    </ClInclude>
    <ClInclude Include="Model\Rgba.h">
      <Filter>Header Files</Filter>
    </ClInclude>
    <ClInclude Include="View\Dialoges.h">
      <Filter>Header Files</Filter>
    </ClInclude>
    <ClInclude Include="View\DocumentControlBarObserver.h">
      <Filter>Header Files</Filter>
    </ClInclude>
    <ClInclude Include="View\FiguresToolBarObserver.h">
      <Filter>Header Files</Filter>
    </ClInclude>
    <ClInclude Include="View\Painter.h">
      <Filter>Header Files</Filter>
    </ClInclude>
    <ClInclude Include="View\PropertiesToolBarObserver.h">
      <Filter>Header Files</Filter>
    </ClInclude>
    <ClInclude Include="View\Resources.h">
      <Filter>Header Files</Filter>
    </ClInclude>
    <ClInclude Include="View\ViewPort.h">
      <Filter>Header Files</Filter>
    </ClInclude>
    <ClInclude Include="View\WorkAreaWidgetObserver.h">
      <Filter>Header Files</Filter>
    </ClInclude>
    <ClInclude Include="Model\GeometryObjectsFactory.h">
      <Filter>Header Files</Filter>
    </ClInclude>
    <ClInclude Include="Model\Point.h">
      <Filter>Header Files</Filter>
    </ClInclude>
  </ItemGroup>
  <ItemGroup>
    <QtMoc Include="View\DocumentControlBar.h">
      <Filter>Header Files</Filter>
    </QtMoc>
    <QtMoc Include="View\FiguresToolBar.h">
      <Filter>Header Files</Filter>
    </QtMoc>
    <QtMoc Include="View\PropertiesToolbar.h">
      <Filter>Header Files</Filter>
    </QtMoc>
    <QtMoc Include="View\View.h">
      <Filter>Header Files</Filter>
    </QtMoc>
    <QtMoc Include="View\WorkAreaWidget.h">
      <Filter>Header Files</Filter>
    </QtMoc>
  </ItemGroup>
  <ItemGroup>
    <ClCompile Include="main.cpp">
      <Filter>Source Files</Filter>
    </ClCompile>
    <ClCompile Include="Controller\AddObjectCommand.cpp">
      <Filter>Source Files</Filter>
    </ClCompile>
    <ClCompile Include="Controller\BrokenLineDrawingProcess.cpp">
      <Filter>Source Files</Filter>
    </ClCompile>
    <ClCompile Include="Controller\CommandList.cpp">
      <Filter>Source Files</Filter>
    </ClCompile>
    <ClCompile Include="Controller\Controller.cpp">
      <Filter>Source Files</Filter>
    </ClCompile>
    <ClCompile Include="Controller\DefaultProcess.cpp">
      <Filter>Source Files</Filter>
    </ClCompile>
    <ClCompile Include="Controller\LineSegmentDrawingProcess.cpp">
      <Filter>Source Files</Filter>
    </ClCompile>
    <ClCompile Include="Controller\MoveControlPointCommand.cpp">
      <Filter>Source Files</Filter>
    </ClCompile>
    <ClCompile Include="Controller\RemoveObjectCommand.cpp">
      <Filter>Source Files</Filter>
    </ClCompile>
    <ClCompile Include="Controller\UndoRedo.cpp">
      <Filter>Source Files</Filter>
    </ClCompile>
    <ClCompile Include="Model\BrokenLine.cpp">
      <Filter>Source Files</Filter>
    </ClCompile>
    <ClCompile Include="Model\BrokenLineBuilder.cpp">
      <Filter>Source Files</Filter>
    </ClCompile>
    <ClCompile Include="Model\BrokenLineCotrolPoint.cpp">
      <Filter>Source Files</Filter>
    </ClCompile>
    <ClCompile Include="Model\Document.cpp">
      <Filter>Source Files</Filter>
    </ClCompile>
    <ClCompile Include="Model\LineSegment.cpp">
      <Filter>Source Files</Filter>
    </ClCompile>
    <ClCompile Include="Model\LineSegmentControlPoint.cpp">
      <Filter>Source Files</Filter>
    </ClCompile>
    <ClCompile Include="Model\ModelOfDocument.cpp">
      <Filter>Source Files</Filter>
    </ClCompile>
    <ClCompile Include="View\Dialoges.cpp">
      <Filter>Source Files</Filter>
    </ClCompile>
    <ClCompile Include="View\DocumentControlBar.cpp">
      <Filter>Source Files</Filter>
    </ClCompile>
    <ClCompile Include="View\FiguresToolBar.cpp">
      <Filter>Source Files</Filter>
    </ClCompile>
    <ClCompile Include="View\Painter.cpp">
      <Filter>Source Files</Filter>
    </ClCompile>
    <ClCompile Include="View\PropertiesToolBar.cpp">
      <Filter>Source Files</Filter>
    </ClCompile>
    <ClCompile Include="View\View.cpp">
      <Filter>Source Files</Filter>
    </ClCompile>
    <ClCompile Include="View\ViewPort.cpp">
      <Filter>Source Files</Filter>
    </ClCompile>
    <ClCompile Include="View\WorkAreaWidget.cpp">
      <Filter>Source Files</Filter>
    </ClCompile>
    <ClCompile Include="Model\GeometryObjectsFactory.cpp">
      <Filter>Source Files</Filter>
    </ClCompile>
    <ClCompile Include="Model\Point.cpp">
      <Filter>Source Files</Filter>
    </ClCompile>
  </ItemGroup>
</Project>